
Microsoft Visual Studio Solution File, Format Version 12.00
# Visual Studio Version 17
VisualStudioVersion = 17.4.33205.214
MinimumVisualStudioVersion = 10.0.40219.1
Project("{9A19103F-16F7-4668-BE54-9A1E7A4F7556}") = "ELibrary-UserService.API", "src\API\ELibrary-UserService.API.csproj", "{CE463B47-383D-43F7-A3FA-845C44EA78F7}"
EndProject
Project("{9A19103F-16F7-4668-BE54-9A1E7A4F7556}") = "ELibrary-UserService.Infrastructure", "src\Infrastructure\ELibrary-UserService.Infrastructure.csproj", "{B7416FE2-8DBD-496E-A235-99C6113187B0}"
EndProject
Project("{9A19103F-16F7-4668-BE54-9A1E7A4F7556}") = "ELibrary-UserService.Domain", "src\Domain\ELibrary-UserService.Domain.csproj", "{42257332-F98E-4B58-89EA-85DD686B0B5F}"
EndProject
Project("{FAE04EC0-301F-11D3-BF4B-00C04F79EFBC}") = "ELibrary-UserService.Tests", "src\Tests\ELibrary-UserService.Tests\ELibrary-UserService.Tests.csproj", "{7FFBE9D4-5643-4B62-A05C-256F6E50788E}"
EndProject
Global
	GlobalSection(SolutionConfigurationPlatforms) = preSolution
		Debug|Any CPU = Debug|Any CPU
		Release|Any CPU = Release|Any CPU
	EndGlobalSection
	GlobalSection(ProjectConfigurationPlatforms) = postSolution
		{CE463B47-383D-43F7-A3FA-845C44EA78F7}.Debug|Any CPU.ActiveCfg = Debug|Any CPU
		{CE463B47-383D-43F7-A3FA-845C44EA78F7}.Debug|Any CPU.Build.0 = Debug|Any CPU
		{CE463B47-383D-43F7-A3FA-845C44EA78F7}.Release|Any CPU.ActiveCfg = Release|Any CPU
		{CE463B47-383D-43F7-A3FA-845C44EA78F7}.Release|Any CPU.Build.0 = Release|Any CPU
		{B7416FE2-8DBD-496E-A235-99C6113187B0}.Debug|Any CPU.ActiveCfg = Debug|Any CPU
		{B7416FE2-8DBD-496E-A235-99C6113187B0}.Debug|Any CPU.Build.0 = Debug|Any CPU
		{B7416FE2-8DBD-496E-A235-99C6113187B0}.Release|Any CPU.ActiveCfg = Release|Any CPU
		{B7416FE2-8DBD-496E-A235-99C6113187B0}.Release|Any CPU.Build.0 = Release|Any CPU
		{42257332-F98E-4B58-89EA-85DD686B0B5F}.Debug|Any CPU.ActiveCfg = Debug|Any CPU
		{42257332-F98E-4B58-89EA-85DD686B0B5F}.Debug|Any CPU.Build.0 = Debug|Any CPU
		{42257332-F98E-4B58-89EA-85DD686B0B5F}.Release|Any CPU.ActiveCfg = Release|Any CPU
		{42257332-F98E-4B58-89EA-85DD686B0B5F}.Release|Any CPU.Build.0 = Release|Any CPU
		{7FFBE9D4-5643-4B62-A05C-256F6E50788E}.Debug|Any CPU.ActiveCfg = Debug|Any CPU
		{7FFBE9D4-5643-4B62-A05C-256F6E50788E}.Debug|Any CPU.Build.0 = Debug|Any CPU
		{7FFBE9D4-5643-4B62-A05C-256F6E50788E}.Release|Any CPU.ActiveCfg = Release|Any CPU
		{7FFBE9D4-5643-4B62-A05C-256F6E50788E}.Release|Any CPU.Build.0 = Release|Any CPU
	EndGlobalSection
	GlobalSection(SolutionProperties) = preSolution
		HideSolutionNode = FALSE
	EndGlobalSection
	GlobalSection(ExtensibilityGlobals) = postSolution
		SolutionGuid = {73A3CD4E-E8BD-480B-B8BA-50AEACA04FD9}
	EndGlobalSection
EndGlobal
